
Microsoft Visual Studio Solution File, Format Version 12.00
# Visual Studio Version 17
VisualStudioVersion = 17.7.34202.233
MinimumVisualStudioVersion = 10.0.40219.1
Project("{FAE04EC0-301F-11D3-BF4B-00C04F79EFBC}") = "Web_App", "Web_App\Web_App.csproj", "{370174AE-09AD-4027-A0C9-AE21D2C4F772}"
EndProject
Global
	GlobalSection(SolutionConfigurationPlatforms) = preSolution
		Debug|Any CPU = Debug|Any CPU
		Release|Any CPU = Release|Any CPU
	EndGlobalSection
	GlobalSection(ProjectConfigurationPlatforms) = postSolution
		{370174AE-09AD-4027-A0C9-AE21D2C4F772}.Debug|Any CPU.ActiveCfg = Debug|Any CPU
		{370174AE-09AD-4027-A0C9-AE21D2C4F772}.Debug|Any CPU.Build.0 = Debug|Any CPU
		{370174AE-09AD-4027-A0C9-AE21D2C4F772}.Release|Any CPU.ActiveCfg = Release|Any CPU
		{370174AE-09AD-4027-A0C9-AE21D2C4F772}.Release|Any CPU.Build.0 = Release|Any CPU
	EndGlobalSection
	GlobalSection(SolutionProperties) = preSolution
		HideSolutionNode = FALSE
	EndGlobalSection
	GlobalSection(ExtensibilityGlobals) = postSolution
		SolutionGuid = {85665831-45D7-46C8-AD8D-B1F5FD9E3263}
	EndGlobalSection
EndGlobal
